<?xml version="1.0" encoding="utf-8"?>
<Project ToolsVersion="4.0" xmlns="http://schemas.microsoft.com/developer/msbuild/2003">
  <ItemGroup>
    <ClCompile Include="main.cpp" />
    <ClCompile Include="gl_helpers.cpp" />
    <ClCompile Include="sdl_helpers.cpp" />
    <ClCompile Include="Sprite.cpp" />
    <ClCompile Include="debug_draw.cpp" />
    <ClCompile Include="World.cpp" />
    <ClCompile Include="math_helpers.cpp" />
    <ClCompile Include="physics.cpp" />
    <ClCompile Include="rendering.cpp" />
    <ClCompile Include="ai.cpp" />
  </ItemGroup>
  <ItemGroup>
    <ClInclude Include="scope_exit.h" />
    <ClInclude Include="gl_helpers.h" />
    <ClInclude Include="sdl_helpers.h" />
    <ClInclude Include="Sprite.h" />
    <ClInclude Include="math_helpers.h" />
    <ClInclude Include="debug_draw.h" />
    <ClInclude Include="World.h" />
    <ClInclude Include="physics.h" />
    <ClInclude Include="ai.h" />
    <ClInclude Include="game_object.h" />
    <ClInclude Include="game.h" />
    <ClInclude Include="rendering.h" />
  </ItemGroup>
  <ItemGroup>
    <None Include="sprite_fs.glsl" />
    <None Include="sprite_vs.glsl" />
    <None Include="debug_vs.glsl" />
    <None Include="debug_fs.glsl" />
  </ItemGroup>
  <ItemGroup>
    <Text Include="credits.txt" />
  </ItemGroup>
</Project>